
Microsoft Visual Studio Solution File, Format Version 12.00
# Visual Studio Version 16
VisualStudioVersion = 16.0.29318.209
MinimumVisualStudioVersion = 10.0.40219.1
Project("{FAE04EC0-301F-11D3-BF4B-00C04F79EFBC}") = "UserSubscription", "UserSubscription\UserSubscription.csproj", "{5CACA288-D621-41FA-AA2A-A4227A39D020}"
EndProject
Global
	GlobalSection(SolutionConfigurationPlatforms) = preSolution
		Debug|Any CPU = Debug|Any CPU
		Release|Any CPU = Release|Any CPU
	EndGlobalSection
	GlobalSection(ProjectConfigurationPlatforms) = postSolution
		{5CACA288-D621-41FA-AA2A-A4227A39D020}.Debug|Any CPU.ActiveCfg = Debug|Any CPU
		{5CACA288-D621-41FA-AA2A-A4227A39D020}.Debug|Any CPU.Build.0 = Debug|Any CPU
		{5CACA288-D621-41FA-AA2A-A4227A39D020}.Release|Any CPU.ActiveCfg = Release|Any CPU
		{5CACA288-D621-41FA-AA2A-A4227A39D020}.Release|Any CPU.Build.0 = Release|Any CPU
	EndGlobalSection
	GlobalSection(SolutionProperties) = preSolution
		HideSolutionNode = FALSE
	EndGlobalSection
	GlobalSection(ExtensibilityGlobals) = postSolution
		SolutionGuid = {A543F69D-6D01-4B39-99F6-240CB58B99C7}
	EndGlobalSection
EndGlobal
